// !$*UTF8*$!
{
	archiveVersion = 1;
	classes = {
	};
	objectVersion = 46;
	objects = {

/* Begin PBXBuildFile section */
		587115D81E42191500B8DFC8 /* AppDelegate.swift in Sources */ = {isa = PBXBuildFile; fileRef = 587115D71E42191500B8DFC8 /* AppDelegate.swift */; };
		587115DA1E42191500B8DFC8 /* ViewController.swift in Sources */ = {isa = PBXBuildFile; fileRef = 587115D91E42191500B8DFC8 /* ViewController.swift */; };
		587115DD1E42191500B8DFC8 /* Main.storyboard in Resources */ = {isa = PBXBuildFile; fileRef = 587115DB1E42191500B8DFC8 /* Main.storyboard */; };
		587115DF1E42191500B8DFC8 /* Assets.xcassets in Resources */ = {isa = PBXBuildFile; fileRef = 587115DE1E42191500B8DFC8 /* Assets.xcassets */; };
		587115E21E42191500B8DFC8 /* LaunchScreen.storyboard in Resources */ = {isa = PBXBuildFile; fileRef = 587115E01E42191500B8DFC8 /* LaunchScreen.storyboard */; };
		587115ED1E42191500B8DFC8 /* TESTTests.swift in Sources */ = {isa = PBXBuildFile; fileRef = 587115EC1E42191500B8DFC8 /* TESTTests.swift */; };
		587115F81E42191500B8DFC8 /* TESTUITests.swift in Sources */ = {isa = PBXBuildFile; fileRef = 587115F71E42191500B8DFC8 /* TESTUITests.swift */; };
/* End PBXBuildFile section */

/* Begin PBXContainerItemProxy section */
		587115E91E42191500B8DFC8 /* PBXContainerItemProxy */ = {
			isa = PBXContainerItemProxy;
			containerPortal = 587115CC1E42191500B8DFC8 /* Project object */;
			proxyType = 1;
			remoteGlobalIDString = 587115D31E42191500B8DFC8;
			remoteInfo = TEST;
		};
		587115F41E42191500B8DFC8 /* PBXContainerItemProxy */ = {
			isa = PBXContainerItemProxy;
			containerPortal = 587115CC1E42191500B8DFC8 /* Project object */;
			proxyType = 1;
			remoteGlobalIDString = 587115D31E42191500B8DFC8;
			remoteInfo = TEST;
		};
/* End PBXContainerItemProxy section */

/* Begin PBXFileReference section */
		587115D41E42191500B8DFC8 /* TEST.app */ = {isa = PBXFileReference; explicitFileType = wrapper.application; includeInIndex = 0; path = TEST.app; sourceTree = BUILT_PRODUCTS_DIR; };
		587115D71E42191500B8DFC8 /* AppDelegate.swift */ = {isa = PBXFileReference; lastKnownFileType = sourcecode.swift; path = AppDelegate.swift; sourceTree = "<group>"; };
		587115D91E42191500B8DFC8 /* ViewController.swift */ = {isa = PBXFileReference; lastKnownFileType = sourcecode.swift; path = ViewController.swift; sourceTree = "<group>"; };
		587115DC1E42191500B8DFC8 /* Base */ = {isa = PBXFileReference; lastKnownFileType = file.storyboard; name = Base; path = Base.lproj/Main.storyboard; sourceTree = "<group>"; };
		587115DE1E42191500B8DFC8 /* Assets.xcassets */ = {isa = PBXFileReference; lastKnownFileType = folder.assetcatalog; path = Assets.xcassets; sourceTree = "<group>"; };
		587115E11E42191500B8DFC8 /* Base */ = {isa = PBXFileReference; lastKnownFileType = file.storyboard; name = Base; path = Base.lproj/LaunchScreen.storyboard; sourceTree = "<group>"; };
		587115E31E42191500B8DFC8 /* Info.plist */ = {isa = PBXFileReference; lastKnownFileType = text.plist.xml; path = Info.plist; sourceTree = "<group>"; };
		587115E81E42191500B8DFC8 /* TESTTests.xctest */ = {isa = PBXFileReference; explicitFileType = wrapper.cfbundle; includeInIndex = 0; path = TESTTests.xctest; sourceTree = BUILT_PRODUCTS_DIR; };
		587115EC1E42191500B8DFC8 /* TESTTests.swift */ = {isa = PBXFileReference; lastKnownFileType = sourcecode.swift; path = TESTTests.swift; sourceTree = "<group>"; };
		587115EE1E42191500B8DFC8 /* Info.plist */ = {isa = PBXFileReference; lastKnownFileType = text.plist.xml; path = Info.plist; sourceTree = "<group>"; };
		587115F31E42191500B8DFC8 /* TESTUITests.xctest */ = {isa = PBXFileReference; explicitFileType = wrapper.cfbundle; includeInIndex = 0; path = TESTUITests.xctest; sourceTree = BUILT_PRODUCTS_DIR; };
		587115F71E42191500B8DFC8 /* TESTUITests.swift */ = {isa = PBXFileReference; lastKnownFileType = sourcecode.swift; path = TESTUITests.swift; sourceTree = "<group>"; };
		587115F91E42191500B8DFC8 /* Info.plist */ = {isa = PBXFileReference; lastKnownFileType = text.plist.xml; path = Info.plist; sourceTree = "<group>"; };
/* End PBXFileReference section */

/* Begin PBXFrameworksBuildPhase section */
		587115D11E42191500B8DFC8 /* Frameworks */ = {
			isa = PBXFrameworksBuildPhase;
			buildActionMask = 2147483647;
			files = (
			);
			runOnlyForDeploymentPostprocessing = 0;
		};
		587115E51E42191500B8DFC8 /* Frameworks */ = {
			isa = PBXFrameworksBuildPhase;
			buildActionMask = 2147483647;
			files = (
			);
			runOnlyForDeploymentPostprocessing = 0;
		};
		587115F01E42191500B8DFC8 /* Frameworks */ = {
			isa = PBXFrameworksBuildPhase;
			buildActionMask = 2147483647;
			files = (
			);
			runOnlyForDeploymentPostprocessing = 0;
		};
/* End PBXFrameworksBuildPhase section */

/* Begin PBXGroup section */
		587115CB1E42191500B8DFC8 = {
			isa = PBXGroup;
			children = (
				587115D61E42191500B8DFC8 /* TEST */,
				587115EB1E42191500B8DFC8 /* TESTTests */,
				587115F61E42191500B8DFC8 /* TESTUITests */,
				587115D51E42191500B8DFC8 /* Products */,
			);
			sourceTree = "<group>";
		};
		587115D51E42191500B8DFC8 /* Products */ = {
			isa = PBXGroup;
			children = (
				587115D41E42191500B8DFC8 /* TEST.app */,
				587115E81E42191500B8DFC8 /* TESTTests.xctest */,
				587115F31E42191500B8DFC8 /* TESTUITests.xctest */,
			);
			name = Products;
			sourceTree = "<group>";
		};
		587115D61E42191500B8DFC8 /* TEST */ = {
			isa = PBXGroup;
			children = (
				587115D71E42191500B8DFC8 /* AppDelegate.swift */,
				587115D91E42191500B8DFC8 /* ViewController.swift */,
				587115DB1E42191500B8DFC8 /* Main.storyboard */,
				587115DE1E42191500B8DFC8 /* Assets.xcassets */,
				587115E01E42191500B8DFC8 /* LaunchScreen.storyboard */,
				587115E31E42191500B8DFC8 /* Info.plist */,
			);
			path = TEST;
			sourceTree = "<group>";
		};
		587115EB1E42191500B8DFC8 /* TESTTests */ = {
			isa = PBXGroup;
			children = (
				587115EC1E42191500B8DFC8 /* TESTTests.swift */,
				587115EE1E42191500B8DFC8 /* Info.plist */,
			);
			path = TESTTests;
			sourceTree = "<group>";
		};
		587115F61E42191500B8DFC8 /* TESTUITests */ = {
			isa = PBXGroup;
			children = (
				587115F71E42191500B8DFC8 /* TESTUITests.swift */,
				587115F91E42191500B8DFC8 /* Info.plist */,
			);
			path = TESTUITests;
			sourceTree = "<group>";
		};
/* End PBXGroup section */

/* Begin PBXNativeTarget section */
		587115D31E42191500B8DFC8 /* TEST */ = {
			isa = PBXNativeTarget;
			buildConfigurationList = 587115FC1E42191500B8DFC8 /* Build configuration list for PBXNativeTarget "TEST" */;
			buildPhases = (
				587115D01E42191500B8DFC8 /* Sources */,
				587115D11E42191500B8DFC8 /* Frameworks */,
				587115D21E42191500B8DFC8 /* Resources */,
			);
			buildRules = (
			);
			dependencies = (
			);
			name = TEST;
			productName = TEST;
			productReference = 587115D41E42191500B8DFC8 /* TEST.app */;
			productType = "com.apple.product-type.application";
		};
		587115E71E42191500B8DFC8 /* TESTTests */ = {
			isa = PBXNativeTarget;
			buildConfigurationList = 587115FF1E42191500B8DFC8 /* Build configuration list for PBXNativeTarget "TESTTests" */;
			buildPhases = (
				587115E41E42191500B8DFC8 /* Sources */,
				587115E51E42191500B8DFC8 /* Frameworks */,
				587115E61E42191500B8DFC8 /* Resources */,
			);
			buildRules = (
			);
			dependencies = (
				587115EA1E42191500B8DFC8 /* PBXTargetDependency */,
			);
			name = TESTTests;
			productName = TESTTests;
			productReference = 587115E81E42191500B8DFC8 /* TESTTests.xctest */;
			productType = "com.apple.product-type.bundle.unit-test";
		};
		587115F21E42191500B8DFC8 /* TESTUITests */ = {
			isa = PBXNativeTarget;
			buildConfigurationList = 587116021E42191500B8DFC8 /* Build configuration list for PBXNativeTarget "TESTUITests" */;
			buildPhases = (
				587115EF1E42191500B8DFC8 /* Sources */,
				587115F01E42191500B8DFC8 /* Frameworks */,
				587115F11E42191500B8DFC8 /* Resources */,
			);
			buildRules = (
			);
			dependencies = (
				587115F51E42191500B8DFC8 /* PBXTargetDependency */,
			);
			name = TESTUITests;
			productName = TESTUITests;
			productReference = 587115F31E42191500B8DFC8 /* TESTUITests.xctest */;
			productType = "com.apple.product-type.bundle.ui-testing";
		};
/* End PBXNativeTarget section */

/* Begin PBXProject section */
		587115CC1E42191500B8DFC8 /* Project object */ = {
			isa = PBXProject;
			attributes = {
				LastSwiftUpdateCheck = 0820;
				LastUpgradeCheck = 0820;
				ORGANIZATIONNAME = "Israel Hammon";
				TargetAttributes = {
					587115D31E42191500B8DFC8 = {
						CreatedOnToolsVersion = 8.2.1;
						ProvisioningStyle = Automatic;
					};
					587115E71E42191500B8DFC8 = {
						CreatedOnToolsVersion = 8.2.1;
						ProvisioningStyle = Automatic;
						TestTargetID = 587115D31E42191500B8DFC8;
					};
					587115F21E42191500B8DFC8 = {
						CreatedOnToolsVersion = 8.2.1;
						ProvisioningStyle = Automatic;
						TestTargetID = 587115D31E42191500B8DFC8;
					};
				};
			};
			buildConfigurationList = 587115CF1E42191500B8DFC8 /* Build configuration list for PBXProject "TEST" */;
			compatibilityVersion = "Xcode 3.2";
			developmentRegion = English;
			hasScannedForEncodings = 0;
			knownRegions = (
				en,
				Base,
			);
			mainGroup = 587115CB1E42191500B8DFC8;
			productRefGroup = 587115D51E42191500B8DFC8 /* Products */;
			projectDirPath = "";
			projectRoot = "";
			targets = (
				587115D31E42191500B8DFC8 /* TEST */,
				587115E71E42191500B8DFC8 /* TESTTests */,
				587115F21E42191500B8DFC8 /* TESTUITests */,
			);
		};
/* End PBXProject section */

/* Begin PBXResourcesBuildPhase section */
		587115D21E42191500B8DFC8 /* Resources */ = {
			isa = PBXResourcesBuildPhase;
			buildActionMask = 2147483647;
			files = (
				587115E21E42191500B8DFC8 /* LaunchScreen.storyboard in Resources */,
				587115DF1E42191500B8DFC8 /* Assets.xcassets in Resources */,
				587115DD1E42191500B8DFC8 /* Main.storyboard in Resources */,
			);
			runOnlyForDeploymentPostprocessing = 0;
		};
		587115E61E42191500B8DFC8 /* Resources */ = {
			isa = PBXResourcesBuildPhase;
			buildActionMask = 2147483647;
			files = (
			);
			runOnlyForDeploymentPostprocessing = 0;
		};
		587115F11E42191500B8DFC8 /* Resources */ = {
			isa = PBXResourcesBuildPhase;
			buildActionMask = 2147483647;
			files = (
			);
			runOnlyForDeploymentPostprocessing = 0;
		};
/* End PBXResourcesBuildPhase section */

/* Begin PBXSourcesBuildPhase section */
		587115D01E42191500B8DFC8 /* Sources */ = {
			isa = PBXSourcesBuildPhase;
			buildActionMask = 2147483647;
			files = (
				587115DA1E42191500B8DFC8 /* ViewController.swift in Sources */,
				587115D81E42191500B8DFC8 /* AppDelegate.swift in Sources */,
			);
			runOnlyForDeploymentPostprocessing = 0;
		};
		587115E41E42191500B8DFC8 /* Sources */ = {
			isa = PBXSourcesBuildPhase;
			buildActionMask = 2147483647;
			files = (
				587115ED1E42191500B8DFC8 /* TESTTests.swift in Sources */,
			);
			runOnlyForDeploymentPostprocessing = 0;
		};
		587115EF1E42191500B8DFC8 /* Sources */ = {
			isa = PBXSourcesBuildPhase;
			buildActionMask = 2147483647;
			files = (
				587115F81E42191500B8DFC8 /* TESTUITests.swift in Sources */,
			);
			runOnlyForDeploymentPostprocessing = 0;
		};
/* End PBXSourcesBuildPhase section */

/* Begin PBXTargetDependency section */
		587115EA1E42191500B8DFC8 /* PBXTargetDependency */ = {
			isa = PBXTargetDependency;
			target = 587115D31E42191500B8DFC8 /* TEST */;
			targetProxy = 587115E91E42191500B8DFC8 /* PBXContainerItemProxy */;
		};
		587115F51E42191500B8DFC8 /* PBXTargetDependency */ = {
			isa = PBXTargetDependency;
			target = 587115D31E42191500B8DFC8 /* TEST */;
			targetProxy = 587115F41E42191500B8DFC8 /* PBXContainerItemProxy */;
		};
/* End PBXTargetDependency section */

/* Begin PBXVariantGroup section */
		587115DB1E42191500B8DFC8 /* Main.storyboard */ = {
			isa = PBXVariantGroup;
			children = (
				587115DC1E42191500B8DFC8 /* Base */,
			);
			name = Main.storyboard;
			sourceTree = "<group>";
		};
		587115E01E42191500B8DFC8 /* LaunchScreen.storyboard */ = {
			isa = PBXVariantGroup;
			children = (
				587115E11E42191500B8DFC8 /* Base */,
			);
			name = LaunchScreen.storyboard;
			sourceTree = "<group>";
		};
/* End PBXVariantGroup section */

/* Begin XCBuildConfiguration section */
		587115FA1E42191500B8DFC8 /* Debug */ = {
			isa = XCBuildConfiguration;
			buildSettings = {
				ALWAYS_SEARCH_USER_PATHS = NO;
				CLANG_ANALYZER_NONNULL = YES;
				CLANG_CXX_LANGUAGE_STANDARD = "gnu++0x";
				CLANG_CXX_LIBRARY = "libc++";
				CLANG_ENABLE_MODULES = YES;
				CLANG_ENABLE_OBJC_ARC = YES;
				CLANG_WARN_BOOL_CONVERSION = YES;
				CLANG_WARN_CONSTANT_CONVERSION = YES;
				CLANG_WARN_DIRECT_OBJC_ISA_USAGE = YES_ERROR;
				CLANG_WARN_DOCUMENTATION_COMMENTS = YES;
				CLANG_WARN_EMPTY_BODY = YES;
				CLANG_WARN_ENUM_CONVERSION = YES;
				CLANG_WARN_INFINITE_RECURSION = YES;
				CLANG_WARN_INT_CONVERSION = YES;
				CLANG_WARN_OBJC_ROOT_CLASS = YES_ERROR;
				CLANG_WARN_SUSPICIOUS_MOVE = YES;
				CLANG_WARN_UNREACHABLE_CODE = YES;
				CLANG_WARN__DUPLICATE_METHOD_MATCH = YES;
				"CODE_SIGN_IDENTITY[sdk=iphoneos*]" = "iPhone Developer";
				COPY_PHASE_STRIP = NO;
				DEBUG_INFORMATION_FORMAT = dwarf;
				ENABLE_STRICT_OBJC_MSGSEND = YES;
				ENABLE_TESTABILITY = YES;
				GCC_C_LANGUAGE_STANDARD = gnu99;
				GCC_DYNAMIC_NO_PIC = NO;
				GCC_NO_COMMON_BLOCKS = YES;
				GCC_OPTIMIZATION_LEVEL = 0;
				GCC_PREPROCESSOR_DEFINITIONS = (
					"DEBUG=1",
					"$(inherited)",
				);
				GCC_WARN_64_TO_32_BIT_CONVERSION = YES;
				GCC_WARN_ABOUT_RETURN_TYPE = YES_ERROR;
				GCC_WARN_UNDECLARED_SELECTOR = YES;
				GCC_WARN_UNINITIALIZED_AUTOS = YES_AGGRESSIVE;
				GCC_WARN_UNUSED_FUNCTION = YES;
				GCC_WARN_UNUSED_VARIABLE = YES;
				IPHONEOS_DEPLOYMENT_TARGET = 10.2;
				MTL_ENABLE_DEBUG_INFO = YES;
				ONLY_ACTIVE_ARCH = YES;
				SDKROOT = iphoneos;
				SWIFT_ACTIVE_COMPILATION_CONDITIONS = DEBUG;
				SWIFT_OPTIMIZATION_LEVEL = "-Onone";
				TARGETED_DEVICE_FAMILY = "1,2";
			};
			name = Debug;
		};
		587115FB1E42191500B8DFC8 /* Release */ = {
			isa = XCBuildConfiguration;
			buildSettings = {
				ALWAYS_SEARCH_USER_PATHS = NO;
				CLANG_ANALYZER_NONNULL = YES;
				CLANG_CXX_LANGUAGE_STANDARD = "gnu++0x";
				CLANG_CXX_LIBRARY = "libc++";
				CLANG_ENABLE_MODULES = YES;
				CLANG_ENABLE_OBJC_ARC = YES;
				CLANG_WARN_BOOL_CONVERSION = YES;
				CLANG_WARN_CONSTANT_CONVERSION = YES;
				CLANG_WARN_DIRECT_OBJC_ISA_USAGE = YES_ERROR;
				CLANG_WARN_DOCUMENTATION_COMMENTS = YES;
				CLANG_WARN_EMPTY_BODY = YES;
				CLANG_WARN_ENUM_CONVERSION = YES;
				CLANG_WARN_INFINITE_RECURSION = YES;
				CLANG_WARN_INT_CONVERSION = YES;
				CLANG_WARN_OBJC_ROOT_CLASS = YES_ERROR;
				CLANG_WARN_SUSPICIOUS_MOVE = YES;
				CLANG_WARN_UNREACHABLE_CODE = YES;
				CLANG_WARN__DUPLICATE_METHOD_MATCH = YES;
				"CODE_SIGN_IDENTITY[sdk=iphoneos*]" = "iPhone Developer";
				COPY_PHASE_STRIP = NO;
				DEBUG_INFORMATION_FORMAT = "dwarf-with-dsym";
				ENABLE_NS_ASSERTIONS = NO;
				ENABLE_STRICT_OBJC_MSGSEND = YES;
				GCC_C_LANGUAGE_STANDARD = gnu99;
				GCC_NO_COMMON_BLOCKS = YES;
				GCC_WARN_64_TO_32_BIT_CONVERSION = YES;
				GCC_WARN_ABOUT_RETURN_TYPE = YES_ERROR;
				GCC_WARN_UNDECLARED_SELECTOR = YES;
				GCC_WARN_UNINITIALIZED_AUTOS = YES_AGGRESSIVE;
				GCC_WARN_UNUSED_FUNCTION = YES;
				GCC_WARN_UNUSED_VARIABLE = YES;
				IPHONEOS_DEPLOYMENT_TARGET = 10.2;
				MTL_ENABLE_DEBUG_INFO = NO;
				SDKROOT = iphoneos;
				SWIFT_OPTIMIZATION_LEVEL = "-Owholemodule";
				TARGETED_DEVICE_FAMILY = "1,2";
				VALIDATE_PRODUCT = YES;
			};
			name = Release;
		};
		587115FD1E42191500B8DFC8 /* Debug */ = {
			isa = XCBuildConfiguration;
			buildSettings = {
				ASSETCATALOG_COMPILER_APPICON_NAME = AppIcon;
				INFOPLIST_FILE = TEST/Info.plist;
				LD_RUNPATH_SEARCH_PATHS = "$(inherited) @executable_path/Frameworks";
				PRODUCT_BUNDLE_IDENTIFIER = SSFS.TEST;
				PRODUCT_NAME = "$(TARGET_NAME)";
				SWIFT_VERSION = 3.0;
			};
			name = Debug;
		};
		587115FE1E42191500B8DFC8 /* Release */ = {
			isa = XCBuildConfiguration;
			buildSettings = {
				ASSETCATALOG_COMPILER_APPICON_NAME = AppIcon;
				INFOPLIST_FILE = TEST/Info.plist;
				LD_RUNPATH_SEARCH_PATHS = "$(inherited) @executable_path/Frameworks";
				PRODUCT_BUNDLE_IDENTIFIER = SSFS.TEST;
				PRODUCT_NAME = "$(TARGET_NAME)";
				SWIFT_VERSION = 3.0;
			};
			name = Release;
		};
		587116001E42191500B8DFC8 /* Debug */ = {
			isa = XCBuildConfiguration;
			buildSettings = {
				ALWAYS_EMBED_SWIFT_STANDARD_LIBRARIES = YES;
				BUNDLE_LOADER = "$(TEST_HOST)";
				INFOPLIST_FILE = TESTTests/Info.plist;
				LD_RUNPATH_SEARCH_PATHS = "$(inherited) @executable_path/Frameworks @loader_path/Frameworks";
				PRODUCT_BUNDLE_IDENTIFIER = SSFS.TESTTests;
				PRODUCT_NAME = "$(TARGET_NAME)";
				SWIFT_VERSION = 3.0;
				TEST_HOST = "$(BUILT_PRODUCTS_DIR)/TEST.app/TEST";
			};
			name = Debug;
		};
		587116011E42191500B8DFC8 /* Release */ = {
			isa = XCBuildConfiguration;
			buildSettings = {
				ALWAYS_EMBED_SWIFT_STANDARD_LIBRARIES = YES;
				BUNDLE_LOADER = "$(TEST_HOST)";
				INFOPLIST_FILE = TESTTests/Info.plist;
				LD_RUNPATH_SEARCH_PATHS = "$(inherited) @executable_path/Frameworks @loader_path/Frameworks";
				PRODUCT_BUNDLE_IDENTIFIER = SSFS.TESTTests;
				PRODUCT_NAME = "$(TARGET_NAME)";
				SWIFT_VERSION = 3.0;
				TEST_HOST = "$(BUILT_PRODUCTS_DIR)/TEST.app/TEST";
			};
			name = Release;
		};
		587116031E42191500B8DFC8 /* Debug */ = {
			isa = XCBuildConfiguration;
			buildSettings = {
				ALWAYS_EMBED_SWIFT_STANDARD_LIBRARIES = YES;
				INFOPLIST_FILE = TESTUITests/Info.plist;
				LD_RUNPATH_SEARCH_PATHS = "$(inherited) @executable_path/Frameworks @loader_path/Frameworks";
				PRODUCT_BUNDLE_IDENTIFIER = SSFS.TESTUITests;
				PRODUCT_NAME = "$(TARGET_NAME)";
				SWIFT_VERSION = 3.0;
				TEST_TARGET_NAME = TEST;
			};
			name = Debug;
		};
		587116041E42191500B8DFC8 /* Release */ = {
			isa = XCBuildConfiguration;
			buildSettings = {
				ALWAYS_EMBED_SWIFT_STANDARD_LIBRARIES = YES;
				INFOPLIST_FILE = TESTUITests/Info.plist;
				LD_RUNPATH_SEARCH_PATHS = "$(inherited) @executable_path/Frameworks @loader_path/Frameworks";
				PRODUCT_BUNDLE_IDENTIFIER = SSFS.TESTUITests;
				PRODUCT_NAME = "$(TARGET_NAME)";
				SWIFT_VERSION = 3.0;
				TEST_TARGET_NAME = TEST;
			};
			name = Release;
		};
/* End XCBuildConfiguration section */

/* Begin XCConfigurationList section */
		587115CF1E42191500B8DFC8 /* Build configuration list for PBXProject "TEST" */ = {
			isa = XCConfigurationList;
			buildConfigurations = (
				587115FA1E42191500B8DFC8 /* Debug */,
				587115FB1E42191500B8DFC8 /* Release */,
			);
			defaultConfigurationIsVisible = 0;
			defaultConfigurationName = Release;
		};
		587115FC1E42191500B8DFC8 /* Build configuration list for PBXNativeTarget "TEST" */ = {
			isa = XCConfigurationList;
			buildConfigurations = (
				587115FD1E42191500B8DFC8 /* Debug */,
				587115FE1E42191500B8DFC8 /* Release */,
			);
			defaultConfigurationIsVisible = 0;
		};
		587115FF1E42191500B8DFC8 /* Build configuration list for PBXNativeTarget "TESTTests" */ = {
			isa = XCConfigurationList;
			buildConfigurations = (
				587116001E42191500B8DFC8 /* Debug */,
				587116011E42191500B8DFC8 /* Release */,
			);
			defaultConfigurationIsVisible = 0;
		};
		587116021E42191500B8DFC8 /* Build configuration list for PBXNativeTarget "TESTUITests" */ = {
			isa = XCConfigurationList;
			buildConfigurations = (
				587116031E42191500B8DFC8 /* Debug */,
				587116041E42191500B8DFC8 /* Release */,
			);
			defaultConfigurationIsVisible = 0;
		};
/* End XCConfigurationList section */
	};
	rootObject = 587115CC1E42191500B8DFC8 /* Project object */;
}
